
Microsoft Visual Studio Solution File, Format Version 12.00
# Visual Studio Version 16
VisualStudioVersion = 16.0.30907.101
MinimumVisualStudioVersion = 10.0.40219.1
Project("{FAE04EC0-301F-11D3-BF4B-00C04F79EFBC}") = "SchoolManagementSystem", "SchoolManagementSystem\SchoolManagementSystem.csproj", "{425DF409-F1BC-4ED0-8E33-3DE9144F992E}"
EndProject
Global
	GlobalSection(SolutionConfigurationPlatforms) = preSolution
		Debug|Any CPU = Debug|Any CPU
		Release|Any CPU = Release|Any CPU
	EndGlobalSection
	GlobalSection(ProjectConfigurationPlatforms) = postSolution
		{425DF409-F1BC-4ED0-8E33-3DE9144F992E}.Debug|Any CPU.ActiveCfg = Debug|Any CPU
		{425DF409-F1BC-4ED0-8E33-3DE9144F992E}.Debug|Any CPU.Build.0 = Debug|Any CPU
		{425DF409-F1BC-4ED0-8E33-3DE9144F992E}.Release|Any CPU.ActiveCfg = Release|Any CPU
		{425DF409-F1BC-4ED0-8E33-3DE9144F992E}.Release|Any CPU.Build.0 = Release|Any CPU
	EndGlobalSection
	GlobalSection(SolutionProperties) = preSolution
		HideSolutionNode = FALSE
	EndGlobalSection
	GlobalSection(ExtensibilityGlobals) = postSolution
		SolutionGuid = {897D7F2D-E36C-4F92-AA53-41BDF2ADEBD3}
	EndGlobalSection
EndGlobal
